// !$*UTF8*$!
{
	archiveVersion = 1;
	classes = {
	};
	objectVersion = 46;
	objects = {

/* Begin PBXBuildFile section */
		328B664D1950F57500D11E0E /* AppDelegate.swift in Sources */ = {isa = PBXBuildFile; fileRef = 328B664C1950F57500D11E0E /* AppDelegate.swift */; };
		328B664F1950F57500D11E0E /* Images.xcassets in Resources */ = {isa = PBXBuildFile; fileRef = 328B664E1950F57500D11E0E /* Images.xcassets */; };
		328B665B1950F57500D11E0E /* SwipeViewDemoTests.swift in Sources */ = {isa = PBXBuildFile; fileRef = 328B665A1950F57500D11E0E /* SwipeViewDemoTests.swift */; };
		328B666C1950F59A00D11E0E /* SwipeView.swift in Sources */ = {isa = PBXBuildFile; fileRef = 328B66651950F59A00D11E0E /* SwipeView.swift */; };
		328B666D1950F59A00D11E0E /* SwipeOptions.swift in Sources */ = {isa = PBXBuildFile; fileRef = 328B66661950F59A00D11E0E /* SwipeOptions.swift */; };
		328B666E1950F59A00D11E0E /* PanState.swift in Sources */ = {isa = PBXBuildFile; fileRef = 328B66671950F59A00D11E0E /* PanState.swift */; };
		328B666F1950F59A00D11E0E /* SwipeResult.swift in Sources */ = {isa = PBXBuildFile; fileRef = 328B66681950F59A00D11E0E /* SwipeResult.swift */; };
		328B66701950F59A00D11E0E /* Extensions.swift in Sources */ = {isa = PBXBuildFile; fileRef = 328B66691950F59A00D11E0E /* Extensions.swift */; };
		328B66711950F59A00D11E0E /* SwipeViewState.swift in Sources */ = {isa = PBXBuildFile; fileRef = 328B666A1950F59A00D11E0E /* SwipeViewState.swift */; };
		328B66721950F59A00D11E0E /* SwipeViewDelegate.swift in Sources */ = {isa = PBXBuildFile; fileRef = 328B666B1950F59A00D11E0E /* SwipeViewDelegate.swift */; };
		328B66761950F5AE00D11E0E /* ViewController.swift in Sources */ = {isa = PBXBuildFile; fileRef = 328B66751950F5AE00D11E0E /* ViewController.swift */; };
		328B66781950F61400D11E0E /* Person.swift in Sources */ = {isa = PBXBuildFile; fileRef = 328B66771950F61400D11E0E /* Person.swift */; };
		328B667A1951046C00D11E0E /* PileView.swift in Sources */ = {isa = PBXBuildFile; fileRef = 328B66791951046C00D11E0E /* PileView.swift */; };
/* End PBXBuildFile section */

/* Begin PBXContainerItemProxy section */
		328B66551950F57500D11E0E /* PBXContainerItemProxy */ = {
			isa = PBXContainerItemProxy;
			containerPortal = 328B663F1950F57500D11E0E /* Project object */;
			proxyType = 1;
			remoteGlobalIDString = 328B66461950F57500D11E0E;
			remoteInfo = SwipeViewDemo;
		};
/* End PBXContainerItemProxy section */

/* Begin PBXFileReference section */
		328B66471950F57500D11E0E /* SwipeViewDemo.app */ = {isa = PBXFileReference; explicitFileType = wrapper.application; includeInIndex = 0; path = SwipeViewDemo.app; sourceTree = BUILT_PRODUCTS_DIR; };
		328B664B1950F57500D11E0E /* Info.plist */ = {isa = PBXFileReference; lastKnownFileType = text.plist.xml; path = Info.plist; sourceTree = "<group>"; };
		328B664C1950F57500D11E0E /* AppDelegate.swift */ = {isa = PBXFileReference; lastKnownFileType = sourcecode.swift; path = AppDelegate.swift; sourceTree = "<group>"; };
		328B664E1950F57500D11E0E /* Images.xcassets */ = {isa = PBXFileReference; lastKnownFileType = folder.assetcatalog; path = Images.xcassets; sourceTree = "<group>"; };
		328B66541950F57500D11E0E /* SwipeViewDemoTests.xctest */ = {isa = PBXFileReference; explicitFileType = wrapper.cfbundle; includeInIndex = 0; path = SwipeViewDemoTests.xctest; sourceTree = BUILT_PRODUCTS_DIR; };
		328B66591950F57500D11E0E /* Info.plist */ = {isa = PBXFileReference; lastKnownFileType = text.plist.xml; path = Info.plist; sourceTree = "<group>"; };
		328B665A1950F57500D11E0E /* SwipeViewDemoTests.swift */ = {isa = PBXFileReference; lastKnownFileType = sourcecode.swift; path = SwipeViewDemoTests.swift; sourceTree = "<group>"; };
		328B66651950F59A00D11E0E /* SwipeView.swift */ = {isa = PBXFileReference; fileEncoding = 4; lastKnownFileType = sourcecode.swift; path = SwipeView.swift; sourceTree = "<group>"; };
		328B66661950F59A00D11E0E /* SwipeOptions.swift */ = {isa = PBXFileReference; fileEncoding = 4; lastKnownFileType = sourcecode.swift; path = SwipeOptions.swift; sourceTree = "<group>"; };
		328B66671950F59A00D11E0E /* PanState.swift */ = {isa = PBXFileReference; fileEncoding = 4; lastKnownFileType = sourcecode.swift; path = PanState.swift; sourceTree = "<group>"; };
		328B66681950F59A00D11E0E /* SwipeResult.swift */ = {isa = PBXFileReference; fileEncoding = 4; lastKnownFileType = sourcecode.swift; path = SwipeResult.swift; sourceTree = "<group>"; };
		328B66691950F59A00D11E0E /* Extensions.swift */ = {isa = PBXFileReference; fileEncoding = 4; lastKnownFileType = sourcecode.swift; path = Extensions.swift; sourceTree = "<group>"; };
		328B666A1950F59A00D11E0E /* SwipeViewState.swift */ = {isa = PBXFileReference; fileEncoding = 4; lastKnownFileType = sourcecode.swift; path = SwipeViewState.swift; sourceTree = "<group>"; };
		328B666B1950F59A00D11E0E /* SwipeViewDelegate.swift */ = {isa = PBXFileReference; fileEncoding = 4; lastKnownFileType = sourcecode.swift; path = SwipeViewDelegate.swift; sourceTree = "<group>"; };
		328B66751950F5AE00D11E0E /* ViewController.swift */ = {isa = PBXFileReference; fileEncoding = 4; lastKnownFileType = sourcecode.swift; path = ViewController.swift; sourceTree = "<group>"; };
		328B66771950F61400D11E0E /* Person.swift */ = {isa = PBXFileReference; fileEncoding = 4; lastKnownFileType = sourcecode.swift; path = Person.swift; sourceTree = "<group>"; };
		328B66791951046C00D11E0E /* PileView.swift */ = {isa = PBXFileReference; fileEncoding = 4; lastKnownFileType = sourcecode.swift; path = PileView.swift; sourceTree = "<group>"; };
/* End PBXFileReference section */

/* Begin PBXFrameworksBuildPhase section */
		328B66441950F57500D11E0E /* Frameworks */ = {
			isa = PBXFrameworksBuildPhase;
			buildActionMask = 2147483647;
			files = (
			);
			runOnlyForDeploymentPostprocessing = 0;
		};
		328B66511950F57500D11E0E /* Frameworks */ = {
			isa = PBXFrameworksBuildPhase;
			buildActionMask = 2147483647;
			files = (
			);
			runOnlyForDeploymentPostprocessing = 0;
		};
/* End PBXFrameworksBuildPhase section */

/* Begin PBXGroup section */
		328B663E1950F57500D11E0E = {
			isa = PBXGroup;
			children = (
				328B66491950F57500D11E0E /* SwipeViewDemo */,
				328B66571950F57500D11E0E /* SwipeViewDemoTests */,
				328B66481950F57500D11E0E /* Products */,
			);
			sourceTree = "<group>";
		};
		328B66481950F57500D11E0E /* Products */ = {
			isa = PBXGroup;
			children = (
				328B66471950F57500D11E0E /* SwipeViewDemo.app */,
				328B66541950F57500D11E0E /* SwipeViewDemoTests.xctest */,
			);
			name = Products;
			sourceTree = "<group>";
		};
		328B66491950F57500D11E0E /* SwipeViewDemo */ = {
			isa = PBXGroup;
			children = (
				328B66641950F57F00D11E0E /* SwipeView */,
				328B66771950F61400D11E0E /* Person.swift */,
				328B66751950F5AE00D11E0E /* ViewController.swift */,
				328B664C1950F57500D11E0E /* AppDelegate.swift */,
				328B664E1950F57500D11E0E /* Images.xcassets */,
				328B664A1950F57500D11E0E /* Supporting Files */,
			);
			path = SwipeViewDemo;
			sourceTree = "<group>";
		};
		328B664A1950F57500D11E0E /* Supporting Files */ = {
			isa = PBXGroup;
			children = (
				328B664B1950F57500D11E0E /* Info.plist */,
			);
			name = "Supporting Files";
			sourceTree = "<group>";
		};
		328B66571950F57500D11E0E /* SwipeViewDemoTests */ = {
			isa = PBXGroup;
			children = (
				328B665A1950F57500D11E0E /* SwipeViewDemoTests.swift */,
				328B66581950F57500D11E0E /* Supporting Files */,
			);
			path = SwipeViewDemoTests;
			sourceTree = "<group>";
		};
		328B66581950F57500D11E0E /* Supporting Files */ = {
			isa = PBXGroup;
			children = (
				328B66591950F57500D11E0E /* Info.plist */,
			);
			name = "Supporting Files";
			sourceTree = "<group>";
		};
		328B66641950F57F00D11E0E /* SwipeView */ = {
			isa = PBXGroup;
			children = (
				328B66651950F59A00D11E0E /* SwipeView.swift */,
				328B66661950F59A00D11E0E /* SwipeOptions.swift */,
				328B66671950F59A00D11E0E /* PanState.swift */,
				328B66681950F59A00D11E0E /* SwipeResult.swift */,
				328B66691950F59A00D11E0E /* Extensions.swift */,
				328B666A1950F59A00D11E0E /* SwipeViewState.swift */,
				328B666B1950F59A00D11E0E /* SwipeViewDelegate.swift */,
				328B66791951046C00D11E0E /* PileView.swift */,
			);
			name = SwipeView;
			sourceTree = "<group>";
		};
/* End PBXGroup section */

/* Begin PBXNativeTarget section */
		328B66461950F57500D11E0E /* SwipeViewDemo */ = {
			isa = PBXNativeTarget;
			buildConfigurationList = 328B665E1950F57500D11E0E /* Build configuration list for PBXNativeTarget "SwipeViewDemo" */;
			buildPhases = (
				328B66431950F57500D11E0E /* Sources */,
				328B66441950F57500D11E0E /* Frameworks */,
				328B66451950F57500D11E0E /* Resources */,
			);
			buildRules = (
			);
			dependencies = (
			);
			name = SwipeViewDemo;
			productName = SwipeViewDemo;
			productReference = 328B66471950F57500D11E0E /* SwipeViewDemo.app */;
			productType = "com.apple.product-type.application";
		};
		328B66531950F57500D11E0E /* SwipeViewDemoTests */ = {
			isa = PBXNativeTarget;
			buildConfigurationList = 328B66611950F57500D11E0E /* Build configuration list for PBXNativeTarget "SwipeViewDemoTests" */;
			buildPhases = (
				328B66501950F57500D11E0E /* Sources */,
				328B66511950F57500D11E0E /* Frameworks */,
				328B66521950F57500D11E0E /* Resources */,
			);
			buildRules = (
			);
			dependencies = (
				328B66561950F57500D11E0E /* PBXTargetDependency */,
			);
			name = SwipeViewDemoTests;
			productName = SwipeViewDemoTests;
			productReference = 328B66541950F57500D11E0E /* SwipeViewDemoTests.xctest */;
			productType = "com.apple.product-type.bundle.unit-test";
		};
/* End PBXNativeTarget section */

/* Begin PBXProject section */
		328B663F1950F57500D11E0E /* Project object */ = {
			isa = PBXProject;
			attributes = {
				LastUpgradeCheck = 0600;
				ORGANIZATIONNAME = "Fructose Tech";
				TargetAttributes = {
					328B66461950F57500D11E0E = {
						CreatedOnToolsVersion = 6.0;
					};
					328B66531950F57500D11E0E = {
						CreatedOnToolsVersion = 6.0;
						TestTargetID = 328B66461950F57500D11E0E;
					};
				};
			};
			buildConfigurationList = 328B66421950F57500D11E0E /* Build configuration list for PBXProject "SwipeViewDemo" */;
			compatibilityVersion = "Xcode 3.2";
			developmentRegion = English;
			hasScannedForEncodings = 0;
			knownRegions = (
				en,
			);
			mainGroup = 328B663E1950F57500D11E0E;
			productRefGroup = 328B66481950F57500D11E0E /* Products */;
			projectDirPath = "";
			projectRoot = "";
			targets = (
				328B66461950F57500D11E0E /* SwipeViewDemo */,
				328B66531950F57500D11E0E /* SwipeViewDemoTests */,
			);
		};
/* End PBXProject section */

/* Begin PBXResourcesBuildPhase section */
		328B66451950F57500D11E0E /* Resources */ = {
			isa = PBXResourcesBuildPhase;
			buildActionMask = 2147483647;
			files = (
				328B664F1950F57500D11E0E /* Images.xcassets in Resources */,
			);
			runOnlyForDeploymentPostprocessing = 0;
		};
		328B66521950F57500D11E0E /* Resources */ = {
			isa = PBXResourcesBuildPhase;
			buildActionMask = 2147483647;
			files = (
			);
			runOnlyForDeploymentPostprocessing = 0;
		};
/* End PBXResourcesBuildPhase section */

/* Begin PBXSourcesBuildPhase section */
		328B66431950F57500D11E0E /* Sources */ = {
			isa = PBXSourcesBuildPhase;
			buildActionMask = 2147483647;
			files = (
				328B66761950F5AE00D11E0E /* ViewController.swift in Sources */,
				328B66721950F59A00D11E0E /* SwipeViewDelegate.swift in Sources */,
				328B667A1951046C00D11E0E /* PileView.swift in Sources */,
				328B666D1950F59A00D11E0E /* SwipeOptions.swift in Sources */,
				328B66701950F59A00D11E0E /* Extensions.swift in Sources */,
				328B66781950F61400D11E0E /* Person.swift in Sources */,
				328B66711950F59A00D11E0E /* SwipeViewState.swift in Sources */,
				328B666F1950F59A00D11E0E /* SwipeResult.swift in Sources */,
				328B666E1950F59A00D11E0E /* PanState.swift in Sources */,
				328B664D1950F57500D11E0E /* AppDelegate.swift in Sources */,
				328B666C1950F59A00D11E0E /* SwipeView.swift in Sources */,
			);
			runOnlyForDeploymentPostprocessing = 0;
		};
		328B66501950F57500D11E0E /* Sources */ = {
			isa = PBXSourcesBuildPhase;
			buildActionMask = 2147483647;
			files = (
				328B665B1950F57500D11E0E /* SwipeViewDemoTests.swift in Sources */,
			);
			runOnlyForDeploymentPostprocessing = 0;
		};
/* End PBXSourcesBuildPhase section */

/* Begin PBXTargetDependency section */
		328B66561950F57500D11E0E /* PBXTargetDependency */ = {
			isa = PBXTargetDependency;
			target = 328B66461950F57500D11E0E /* SwipeViewDemo */;
			targetProxy = 328B66551950F57500D11E0E /* PBXContainerItemProxy */;
		};
/* End PBXTargetDependency section */

/* Begin XCBuildConfiguration section */
		328B665C1950F57500D11E0E /* Debug */ = {
			isa = XCBuildConfiguration;
			buildSettings = {
				ALWAYS_SEARCH_USER_PATHS = NO;
				CLANG_CXX_LANGUAGE_STANDARD = "gnu++0x";
				CLANG_CXX_LIBRARY = "libc++";
				CLANG_ENABLE_MODULES = YES;
				CLANG_ENABLE_OBJC_ARC = YES;
				CLANG_WARN_BOOL_CONVERSION = YES;
				CLANG_WARN_CONSTANT_CONVERSION = YES;
				CLANG_WARN_DIRECT_OBJC_ISA_USAGE = YES_ERROR;
				CLANG_WARN_EMPTY_BODY = YES;
				CLANG_WARN_ENUM_CONVERSION = YES;
				CLANG_WARN_INT_CONVERSION = YES;
				CLANG_WARN_OBJC_ROOT_CLASS = YES_ERROR;
				CLANG_WARN_UNREACHABLE_CODE = YES;
				CLANG_WARN__DUPLICATE_METHOD_MATCH = YES;
				"CODE_SIGN_IDENTITY[sdk=iphoneos*]" = "iPhone Developer";
				COPY_PHASE_STRIP = NO;
				ENABLE_STRICT_OBJC_MSGSEND = YES;
				GCC_C_LANGUAGE_STANDARD = gnu99;
				GCC_DYNAMIC_NO_PIC = NO;
				GCC_OPTIMIZATION_LEVEL = 0;
				GCC_PREPROCESSOR_DEFINITIONS = (
					"DEBUG=1",
					"$(inherited)",
				);
				GCC_SYMBOLS_PRIVATE_EXTERN = NO;
				GCC_WARN_64_TO_32_BIT_CONVERSION = YES;
				GCC_WARN_ABOUT_RETURN_TYPE = YES_ERROR;
				GCC_WARN_UNDECLARED_SELECTOR = YES;
				GCC_WARN_UNINITIALIZED_AUTOS = YES_AGGRESSIVE;
				GCC_WARN_UNUSED_FUNCTION = YES;
				GCC_WARN_UNUSED_VARIABLE = YES;
				IPHONEOS_DEPLOYMENT_TARGET = 8.0;
				METAL_ENABLE_DEBUG_INFO = YES;
				ONLY_ACTIVE_ARCH = YES;
				SDKROOT = iphoneos;
				SWIFT_OPTIMIZATION_LEVEL = "-Onone";
			};
			name = Debug;
		};
		328B665D1950F57500D11E0E /* Release */ = {
			isa = XCBuildConfiguration;
			buildSettings = {
				ALWAYS_SEARCH_USER_PATHS = NO;
				CLANG_CXX_LANGUAGE_STANDARD = "gnu++0x";
				CLANG_CXX_LIBRARY = "libc++";
				CLANG_ENABLE_MODULES = YES;
				CLANG_ENABLE_OBJC_ARC = YES;
				CLANG_WARN_BOOL_CONVERSION = YES;
				CLANG_WARN_CONSTANT_CONVERSION = YES;
				CLANG_WARN_DIRECT_OBJC_ISA_USAGE = YES_ERROR;
				CLANG_WARN_EMPTY_BODY = YES;
				CLANG_WARN_ENUM_CONVERSION = YES;
				CLANG_WARN_INT_CONVERSION = YES;
				CLANG_WARN_OBJC_ROOT_CLASS = YES_ERROR;
				CLANG_WARN_UNREACHABLE_CODE = YES;
				CLANG_WARN__DUPLICATE_METHOD_MATCH = YES;
				"CODE_SIGN_IDENTITY[sdk=iphoneos*]" = "iPhone Developer";
				COPY_PHASE_STRIP = YES;
				ENABLE_NS_ASSERTIONS = NO;
				ENABLE_STRICT_OBJC_MSGSEND = YES;
				GCC_C_LANGUAGE_STANDARD = gnu99;
				GCC_WARN_64_TO_32_BIT_CONVERSION = YES;
				GCC_WARN_ABOUT_RETURN_TYPE = YES_ERROR;
				GCC_WARN_UNDECLARED_SELECTOR = YES;
				GCC_WARN_UNINITIALIZED_AUTOS = YES_AGGRESSIVE;
				GCC_WARN_UNUSED_FUNCTION = YES;
				GCC_WARN_UNUSED_VARIABLE = YES;
				IPHONEOS_DEPLOYMENT_TARGET = 8.0;
				METAL_ENABLE_DEBUG_INFO = NO;
				SDKROOT = iphoneos;
				VALIDATE_PRODUCT = YES;
			};
			name = Release;
		};
		328B665F1950F57500D11E0E /* Debug */ = {
			isa = XCBuildConfiguration;
			buildSettings = {
				ASSETCATALOG_COMPILER_APPICON_NAME = AppIcon;
				ASSETCATALOG_COMPILER_LAUNCHIMAGE_NAME = LaunchImage;
				INFOPLIST_FILE = SwipeViewDemo/Info.plist;
				LD_RUNPATH_SEARCH_PATHS = "$(inherited) @executable_path/Frameworks";
				PRODUCT_NAME = "$(TARGET_NAME)";
			};
			name = Debug;
		};
		328B66601950F57500D11E0E /* Release */ = {
			isa = XCBuildConfiguration;
			buildSettings = {
				ASSETCATALOG_COMPILER_APPICON_NAME = AppIcon;
				ASSETCATALOG_COMPILER_LAUNCHIMAGE_NAME = LaunchImage;
				INFOPLIST_FILE = SwipeViewDemo/Info.plist;
				LD_RUNPATH_SEARCH_PATHS = "$(inherited) @executable_path/Frameworks";
				PRODUCT_NAME = "$(TARGET_NAME)";
			};
			name = Release;
		};
		328B66621950F57500D11E0E /* Debug */ = {
			isa = XCBuildConfiguration;
			buildSettings = {
				BUNDLE_LOADER = "$(BUILT_PRODUCTS_DIR)/SwipeViewDemo.app/SwipeViewDemo";
				FRAMEWORK_SEARCH_PATHS = (
					"$(SDKROOT)/Developer/Library/Frameworks",
					"$(inherited)",
				);
				GCC_PREPROCESSOR_DEFINITIONS = (
					"DEBUG=1",
					"$(inherited)",
				);
				INFOPLIST_FILE = SwipeViewDemoTests/Info.plist;
				LD_RUNPATH_SEARCH_PATHS = "$(inherited) @executable_path/Frameworks @loader_path/Frameworks";
				METAL_ENABLE_DEBUG_INFO = YES;
				PRODUCT_NAME = "$(TARGET_NAME)";
				TEST_HOST = "$(BUNDLE_LOADER)";
			};
			name = Debug;
		};
		328B66631950F57500D11E0E /* Release */ = {
			isa = XCBuildConfiguration;
			buildSettings = {
				BUNDLE_LOADER = "$(BUILT_PRODUCTS_DIR)/SwipeViewDemo.app/SwipeViewDemo";
				FRAMEWORK_SEARCH_PATHS = (
					"$(SDKROOT)/Developer/Library/Frameworks",
					"$(inherited)",
				);
				INFOPLIST_FILE = SwipeViewDemoTests/Info.plist;
				LD_RUNPATH_SEARCH_PATHS = "$(inherited) @executable_path/Frameworks @loader_path/Frameworks";
				METAL_ENABLE_DEBUG_INFO = NO;
				PRODUCT_NAME = "$(TARGET_NAME)";
				TEST_HOST = "$(BUNDLE_LOADER)";
			};
			name = Release;
		};
/* End XCBuildConfiguration section */

/* Begin XCConfigurationList section */
		328B66421950F57500D11E0E /* Build configuration list for PBXProject "SwipeViewDemo" */ = {
			isa = XCConfigurationList;
			buildConfigurations = (
				328B665C1950F57500D11E0E /* Debug */,
				328B665D1950F57500D11E0E /* Release */,
			);
			defaultConfigurationIsVisible = 0;
			defaultConfigurationName = Release;
		};
		328B665E1950F57500D11E0E /* Build configuration list for PBXNativeTarget "SwipeViewDemo" */ = {
			isa = XCConfigurationList;
			buildConfigurations = (
				328B665F1950F57500D11E0E /* Debug */,
				328B66601950F57500D11E0E /* Release */,
			);
			defaultConfigurationIsVisible = 0;
			defaultConfigurationName = Release;
		};
		328B66611950F57500D11E0E /* Build configuration list for PBXNativeTarget "SwipeViewDemoTests" */ = {
			isa = XCConfigurationList;
			buildConfigurations = (
				328B66621950F57500D11E0E /* Debug */,
				328B66631950F57500D11E0E /* Release */,
			);
			defaultConfigurationIsVisible = 0;
			defaultConfigurationName = Release;
		};
/* End XCConfigurationList section */
	};
	rootObject = 328B663F1950F57500D11E0E /* Project object */;
}
